
Microsoft Visual Studio Solution File, Format Version 12.00
# Visual Studio Version 17
VisualStudioVersion = 17.3.32901.215
MinimumVisualStudioVersion = 10.0.40219.1
Project("{9A19103F-16F7-4668-BE54-9A1E7A4F7556}") = "Database_First_Ders_7", "Database_First_Ders_7\Database_First_Ders_7.csproj", "{24A04E17-CC6B-4F24-B19C-ABD523AB573E}"
EndProject
Project("{9A19103F-16F7-4668-BE54-9A1E7A4F7556}") = "Code_First_Ders_8", "Code_First_Ders_8\Code_First_Ders_8.csproj", "{81754255-A734-4714-BF2F-99E268453CE9}"
EndProject
Project("{9A19103F-16F7-4668-BE54-9A1E7A4F7556}") = "Lesson9", "Lesson9\Lesson9.csproj", "{AA339E7E-4B7F-493E-A902-A09605F88CD4}"
EndProject
Project("{9A19103F-16F7-4668-BE54-9A1E7A4F7556}") = "Lesson10_Add", "Lesson10_Add\Lesson10_Add.csproj", "{4290C35C-C6E9-45D2-81D5-DAFFE5C6EA51}"
EndProject
Project("{9A19103F-16F7-4668-BE54-9A1E7A4F7556}") = "The_Data_Update_11", "The_Data_Update_11\The_Data_Update_11.csproj", "{D75A2839-23DA-45DD-8A18-97DAA55C7C0D}"
EndProject
Project("{FAE04EC0-301F-11D3-BF4B-00C04F79EFBC}") = "Querying_13_2", "Querying_13_2\Querying_13_2.csproj", "{6B234286-4D6D-421F-BA29-B7F01F07EB44}"
EndProject
Global
	GlobalSection(SolutionConfigurationPlatforms) = preSolution
		Debug|Any CPU = Debug|Any CPU
		Release|Any CPU = Release|Any CPU
	EndGlobalSection
	GlobalSection(ProjectConfigurationPlatforms) = postSolution
		{24A04E17-CC6B-4F24-B19C-ABD523AB573E}.Debug|Any CPU.ActiveCfg = Debug|Any CPU
		{24A04E17-CC6B-4F24-B19C-ABD523AB573E}.Debug|Any CPU.Build.0 = Debug|Any CPU
		{24A04E17-CC6B-4F24-B19C-ABD523AB573E}.Release|Any CPU.ActiveCfg = Release|Any CPU
		{24A04E17-CC6B-4F24-B19C-ABD523AB573E}.Release|Any CPU.Build.0 = Release|Any CPU
		{81754255-A734-4714-BF2F-99E268453CE9}.Debug|Any CPU.ActiveCfg = Debug|Any CPU
		{81754255-A734-4714-BF2F-99E268453CE9}.Debug|Any CPU.Build.0 = Debug|Any CPU
		{81754255-A734-4714-BF2F-99E268453CE9}.Release|Any CPU.ActiveCfg = Release|Any CPU
		{81754255-A734-4714-BF2F-99E268453CE9}.Release|Any CPU.Build.0 = Release|Any CPU
		{AA339E7E-4B7F-493E-A902-A09605F88CD4}.Debug|Any CPU.ActiveCfg = Debug|Any CPU
		{AA339E7E-4B7F-493E-A902-A09605F88CD4}.Debug|Any CPU.Build.0 = Debug|Any CPU
		{AA339E7E-4B7F-493E-A902-A09605F88CD4}.Release|Any CPU.ActiveCfg = Release|Any CPU
		{AA339E7E-4B7F-493E-A902-A09605F88CD4}.Release|Any CPU.Build.0 = Release|Any CPU
		{4290C35C-C6E9-45D2-81D5-DAFFE5C6EA51}.Debug|Any CPU.ActiveCfg = Debug|Any CPU
		{4290C35C-C6E9-45D2-81D5-DAFFE5C6EA51}.Debug|Any CPU.Build.0 = Debug|Any CPU
		{4290C35C-C6E9-45D2-81D5-DAFFE5C6EA51}.Release|Any CPU.ActiveCfg = Release|Any CPU
		{4290C35C-C6E9-45D2-81D5-DAFFE5C6EA51}.Release|Any CPU.Build.0 = Release|Any CPU
		{D75A2839-23DA-45DD-8A18-97DAA55C7C0D}.Debug|Any CPU.ActiveCfg = Debug|Any CPU
		{D75A2839-23DA-45DD-8A18-97DAA55C7C0D}.Debug|Any CPU.Build.0 = Debug|Any CPU
		{D75A2839-23DA-45DD-8A18-97DAA55C7C0D}.Release|Any CPU.ActiveCfg = Release|Any CPU
		{D75A2839-23DA-45DD-8A18-97DAA55C7C0D}.Release|Any CPU.Build.0 = Release|Any CPU
		{6B234286-4D6D-421F-BA29-B7F01F07EB44}.Debug|Any CPU.ActiveCfg = Debug|Any CPU
		{6B234286-4D6D-421F-BA29-B7F01F07EB44}.Debug|Any CPU.Build.0 = Debug|Any CPU
		{6B234286-4D6D-421F-BA29-B7F01F07EB44}.Release|Any CPU.ActiveCfg = Release|Any CPU
		{6B234286-4D6D-421F-BA29-B7F01F07EB44}.Release|Any CPU.Build.0 = Release|Any CPU
	EndGlobalSection
	GlobalSection(SolutionProperties) = preSolution
		HideSolutionNode = FALSE
	EndGlobalSection
	GlobalSection(ExtensibilityGlobals) = postSolution
		SolutionGuid = {5FB0A378-C830-410E-ABD5-57E940BAA10B}
	EndGlobalSection
EndGlobal
